{
  "name": "test-jsmart",
  "version": "1.0.0",
  "lockfileVersion": 1,
  "requires": true,
  "dependencies": {
    "jsmart": {
      "version": "3.1.0",
      "resolved": "https://registry.npmjs.org/jsmart/-/jsmart-3.1.0.tgz",
      "integrity": "sha512-ertzhQJb2z42Vivj1+9dQ8JsEmNChf+7cQVP0IzSJ+1tmcZsFGcgvOairpLR7537vAEJug29pcgW1s79C7m1gQ=="
    }
  }
}
